// !$*UTF8*$!
{
	archiveVersion = 1;
	classes = {
	};
	objectVersion = 56;
	objects = {

/* Begin PBXBuildFile section */
		D8BA67612BBEF155005AE50D /* AppDelegate.swift in Sources */ = {isa = PBXBuildFile; fileRef = D8BA67602BBEF155005AE50D /* AppDelegate.swift */; };
		D8BA67632BBEF155005AE50D /* SceneDelegate.swift in Sources */ = {isa = PBXBuildFile; fileRef = D8BA67622BBEF155005AE50D /* SceneDelegate.swift */; };
		D8BA67652BBEF155005AE50D /* ViewController.swift in Sources */ = {isa = PBXBuildFile; fileRef = D8BA67642BBEF155005AE50D /* ViewController.swift */; };
		D8BA67682BBEF155005AE50D /* Base in Resources */ = {isa = PBXBuildFile; fileRef = D8BA67672BBEF155005AE50D /* Base */; };
		D8BA676A2BBEF156005AE50D /* Assets.xcassets in Resources */ = {isa = PBXBuildFile; fileRef = D8BA67692BBEF156005AE50D /* Assets.xcassets */; };
		D8BA676D2BBEF156005AE50D /* Base in Resources */ = {isa = PBXBuildFile; fileRef = D8BA676C2BBEF156005AE50D /* Base */; };
		D8BA67782BBEF156005AE50D /* AnimeListTests.swift in Sources */ = {isa = PBXBuildFile; fileRef = D8BA67772BBEF156005AE50D /* AnimeListTests.swift */; };
		D8BA67822BBEF156005AE50D /* AnimeListUITests.swift in Sources */ = {isa = PBXBuildFile; fileRef = D8BA67812BBEF156005AE50D /* AnimeListUITests.swift */; };
		D8BA67842BBEF156005AE50D /* AnimeListUITestsLaunchTests.swift in Sources */ = {isa = PBXBuildFile; fileRef = D8BA67832BBEF156005AE50D /* AnimeListUITestsLaunchTests.swift */; };
/* End PBXBuildFile section */

/* Begin PBXContainerItemProxy section */
		D8BA67742BBEF156005AE50D /* PBXContainerItemProxy */ = {
			isa = PBXContainerItemProxy;
			containerPortal = D8BA67552BBEF155005AE50D /* Project object */;
			proxyType = 1;
			remoteGlobalIDString = D8BA675C2BBEF155005AE50D;
			remoteInfo = AnimeList;
		};
		D8BA677E2BBEF156005AE50D /* PBXContainerItemProxy */ = {
			isa = PBXContainerItemProxy;
			containerPortal = D8BA67552BBEF155005AE50D /* Project object */;
			proxyType = 1;
			remoteGlobalIDString = D8BA675C2BBEF155005AE50D;
			remoteInfo = AnimeList;
		};
/* End PBXContainerItemProxy section */

/* Begin PBXFileReference section */
		D8BA675D2BBEF155005AE50D /* AnimeList.app */ = {isa = PBXFileReference; explicitFileType = wrapper.application; includeInIndex = 0; path = AnimeList.app; sourceTree = BUILT_PRODUCTS_DIR; };
		D8BA67602BBEF155005AE50D /* AppDelegate.swift */ = {isa = PBXFileReference; lastKnownFileType = sourcecode.swift; path = AppDelegate.swift; sourceTree = "<group>"; };
		D8BA67622BBEF155005AE50D /* SceneDelegate.swift */ = {isa = PBXFileReference; lastKnownFileType = sourcecode.swift; path = SceneDelegate.swift; sourceTree = "<group>"; };
		D8BA67642BBEF155005AE50D /* ViewController.swift */ = {isa = PBXFileReference; lastKnownFileType = sourcecode.swift; path = ViewController.swift; sourceTree = "<group>"; };
		D8BA67672BBEF155005AE50D /* Base */ = {isa = PBXFileReference; lastKnownFileType = file.storyboard; name = Base; path = Base.lproj/Main.storyboard; sourceTree = "<group>"; };
		D8BA67692BBEF156005AE50D /* Assets.xcassets */ = {isa = PBXFileReference; lastKnownFileType = folder.assetcatalog; path = Assets.xcassets; sourceTree = "<group>"; };
		D8BA676C2BBEF156005AE50D /* Base */ = {isa = PBXFileReference; lastKnownFileType = file.storyboard; name = Base; path = Base.lproj/LaunchScreen.storyboard; sourceTree = "<group>"; };
		D8BA676E2BBEF156005AE50D /* Info.plist */ = {isa = PBXFileReference; lastKnownFileType = text.plist.xml; path = Info.plist; sourceTree = "<group>"; };
		D8BA67732BBEF156005AE50D /* AnimeListTests.xctest */ = {isa = PBXFileReference; explicitFileType = wrapper.cfbundle; includeInIndex = 0; path = AnimeListTests.xctest; sourceTree = BUILT_PRODUCTS_DIR; };
		D8BA67772BBEF156005AE50D /* AnimeListTests.swift */ = {isa = PBXFileReference; lastKnownFileType = sourcecode.swift; path = AnimeListTests.swift; sourceTree = "<group>"; };
		D8BA677D2BBEF156005AE50D /* AnimeListUITests.xctest */ = {isa = PBXFileReference; explicitFileType = wrapper.cfbundle; includeInIndex = 0; path = AnimeListUITests.xctest; sourceTree = BUILT_PRODUCTS_DIR; };
		D8BA67812BBEF156005AE50D /* AnimeListUITests.swift */ = {isa = PBXFileReference; lastKnownFileType = sourcecode.swift; path = AnimeListUITests.swift; sourceTree = "<group>"; };
		D8BA67832BBEF156005AE50D /* AnimeListUITestsLaunchTests.swift */ = {isa = PBXFileReference; lastKnownFileType = sourcecode.swift; path = AnimeListUITestsLaunchTests.swift; sourceTree = "<group>"; };
/* End PBXFileReference section */

/* Begin PBXFrameworksBuildPhase section */
		D8BA675A2BBEF155005AE50D /* Frameworks */ = {
			isa = PBXFrameworksBuildPhase;
			buildActionMask = 2147483647;
			files = (
			);
			runOnlyForDeploymentPostprocessing = 0;
		};
		D8BA67702BBEF156005AE50D /* Frameworks */ = {
			isa = PBXFrameworksBuildPhase;
			buildActionMask = 2147483647;
			files = (
			);
			runOnlyForDeploymentPostprocessing = 0;
		};
		D8BA677A2BBEF156005AE50D /* Frameworks */ = {
			isa = PBXFrameworksBuildPhase;
			buildActionMask = 2147483647;
			files = (
			);
			runOnlyForDeploymentPostprocessing = 0;
		};
/* End PBXFrameworksBuildPhase section */

/* Begin PBXGroup section */
		D8BA67542BBEF155005AE50D = {
			isa = PBXGroup;
			children = (
				D8BA675F2BBEF155005AE50D /* AnimeList */,
				D8BA67762BBEF156005AE50D /* AnimeListTests */,
				D8BA67802BBEF156005AE50D /* AnimeListUITests */,
				D8BA675E2BBEF155005AE50D /* Products */,
			);
			sourceTree = "<group>";
		};
		D8BA675E2BBEF155005AE50D /* Products */ = {
			isa = PBXGroup;
			children = (
				D8BA675D2BBEF155005AE50D /* AnimeList.app */,
				D8BA67732BBEF156005AE50D /* AnimeListTests.xctest */,
				D8BA677D2BBEF156005AE50D /* AnimeListUITests.xctest */,
			);
			name = Products;
			sourceTree = "<group>";
		};
		D8BA675F2BBEF155005AE50D /* AnimeList */ = {
			isa = PBXGroup;
			children = (
				D8BA67602BBEF155005AE50D /* AppDelegate.swift */,
				D8BA67622BBEF155005AE50D /* SceneDelegate.swift */,
				D8BA67642BBEF155005AE50D /* ViewController.swift */,
				D8BA67662BBEF155005AE50D /* Main.storyboard */,
				D8BA67692BBEF156005AE50D /* Assets.xcassets */,
				D8BA676B2BBEF156005AE50D /* LaunchScreen.storyboard */,
				D8BA676E2BBEF156005AE50D /* Info.plist */,
			);
			path = AnimeList;
			sourceTree = "<group>";
		};
		D8BA67762BBEF156005AE50D /* AnimeListTests */ = {
			isa = PBXGroup;
			children = (
				D8BA67772BBEF156005AE50D /* AnimeListTests.swift */,
			);
			path = AnimeListTests;
			sourceTree = "<group>";
		};
		D8BA67802BBEF156005AE50D /* AnimeListUITests */ = {
			isa = PBXGroup;
			children = (
				D8BA67812BBEF156005AE50D /* AnimeListUITests.swift */,
				D8BA67832BBEF156005AE50D /* AnimeListUITestsLaunchTests.swift */,
			);
			path = AnimeListUITests;
			sourceTree = "<group>";
		};
/* End PBXGroup section */

/* Begin PBXNativeTarget section */
		D8BA675C2BBEF155005AE50D /* AnimeList */ = {
			isa = PBXNativeTarget;
			buildConfigurationList = D8BA67872BBEF156005AE50D /* Build configuration list for PBXNativeTarget "AnimeList" */;
			buildPhases = (
				D8BA67592BBEF155005AE50D /* Sources */,
				D8BA675A2BBEF155005AE50D /* Frameworks */,
				D8BA675B2BBEF155005AE50D /* Resources */,
			);
			buildRules = (
			);
			dependencies = (
			);
			name = AnimeList;
			productName = AnimeList;
			productReference = D8BA675D2BBEF155005AE50D /* AnimeList.app */;
			productType = "com.apple.product-type.application";
		};
		D8BA67722BBEF156005AE50D /* AnimeListTests */ = {
			isa = PBXNativeTarget;
			buildConfigurationList = D8BA678A2BBEF156005AE50D /* Build configuration list for PBXNativeTarget "AnimeListTests" */;
			buildPhases = (
				D8BA676F2BBEF156005AE50D /* Sources */,
				D8BA67702BBEF156005AE50D /* Frameworks */,
				D8BA67712BBEF156005AE50D /* Resources */,
			);
			buildRules = (
			);
			dependencies = (
				D8BA67752BBEF156005AE50D /* PBXTargetDependency */,
			);
			name = AnimeListTests;
			productName = AnimeListTests;
			productReference = D8BA67732BBEF156005AE50D /* AnimeListTests.xctest */;
			productType = "com.apple.product-type.bundle.unit-test";
		};
		D8BA677C2BBEF156005AE50D /* AnimeListUITests */ = {
			isa = PBXNativeTarget;
			buildConfigurationList = D8BA678D2BBEF156005AE50D /* Build configuration list for PBXNativeTarget "AnimeListUITests" */;
			buildPhases = (
				D8BA67792BBEF156005AE50D /* Sources */,
				D8BA677A2BBEF156005AE50D /* Frameworks */,
				D8BA677B2BBEF156005AE50D /* Resources */,
			);
			buildRules = (
			);
			dependencies = (
				D8BA677F2BBEF156005AE50D /* PBXTargetDependency */,
			);
			name = AnimeListUITests;
			productName = AnimeListUITests;
			productReference = D8BA677D2BBEF156005AE50D /* AnimeListUITests.xctest */;
			productType = "com.apple.product-type.bundle.ui-testing";
		};
/* End PBXNativeTarget section */

/* Begin PBXProject section */
		D8BA67552BBEF155005AE50D /* Project object */ = {
			isa = PBXProject;
			attributes = {
				BuildIndependentTargetsInParallel = 1;
				LastSwiftUpdateCheck = 1530;
				LastUpgradeCheck = 1530;
				TargetAttributes = {
					D8BA675C2BBEF155005AE50D = {
						CreatedOnToolsVersion = 15.3;
					};
					D8BA67722BBEF156005AE50D = {
						CreatedOnToolsVersion = 15.3;
						TestTargetID = D8BA675C2BBEF155005AE50D;
					};
					D8BA677C2BBEF156005AE50D = {
						CreatedOnToolsVersion = 15.3;
						TestTargetID = D8BA675C2BBEF155005AE50D;
					};
				};
			};
			buildConfigurationList = D8BA67582BBEF155005AE50D /* Build configuration list for PBXProject "AnimeList" */;
			compatibilityVersion = "Xcode 14.0";
			developmentRegion = en;
			hasScannedForEncodings = 0;
			knownRegions = (
				en,
				Base,
			);
			mainGroup = D8BA67542BBEF155005AE50D;
			productRefGroup = D8BA675E2BBEF155005AE50D /* Products */;
			projectDirPath = "";
			projectRoot = "";
			targets = (
				D8BA675C2BBEF155005AE50D /* AnimeList */,
				D8BA67722BBEF156005AE50D /* AnimeListTests */,
				D8BA677C2BBEF156005AE50D /* AnimeListUITests */,
			);
		};
/* End PBXProject section */

/* Begin PBXResourcesBuildPhase section */
		D8BA675B2BBEF155005AE50D /* Resources */ = {
			isa = PBXResourcesBuildPhase;
			buildActionMask = 2147483647;
			files = (
				D8BA676A2BBEF156005AE50D /* Assets.xcassets in Resources */,
				D8BA676D2BBEF156005AE50D /* Base in Resources */,
				D8BA67682BBEF155005AE50D /* Base in Resources */,
			);
			runOnlyForDeploymentPostprocessing = 0;
		};
		D8BA67712BBEF156005AE50D /* Resources */ = {
			isa = PBXResourcesBuildPhase;
			buildActionMask = 2147483647;
			files = (
			);
			runOnlyForDeploymentPostprocessing = 0;
		};
		D8BA677B2BBEF156005AE50D /* Resources */ = {
			isa = PBXResourcesBuildPhase;
			buildActionMask = 2147483647;
			files = (
			);
			runOnlyForDeploymentPostprocessing = 0;
		};
/* End PBXResourcesBuildPhase section */

/* Begin PBXSourcesBuildPhase section */
		D8BA67592BBEF155005AE50D /* Sources */ = {
			isa = PBXSourcesBuildPhase;
			buildActionMask = 2147483647;
			files = (
				D8BA67652BBEF155005AE50D /* ViewController.swift in Sources */,
				D8BA67612BBEF155005AE50D /* AppDelegate.swift in Sources */,
				D8BA67632BBEF155005AE50D /* SceneDelegate.swift in Sources */,
			);
			runOnlyForDeploymentPostprocessing = 0;
		};
		D8BA676F2BBEF156005AE50D /* Sources */ = {
			isa = PBXSourcesBuildPhase;
			buildActionMask = 2147483647;
			files = (
				D8BA67782BBEF156005AE50D /* AnimeListTests.swift in Sources */,
			);
			runOnlyForDeploymentPostprocessing = 0;
		};
		D8BA67792BBEF156005AE50D /* Sources */ = {
			isa = PBXSourcesBuildPhase;
			buildActionMask = 2147483647;
			files = (
				D8BA67822BBEF156005AE50D /* AnimeListUITests.swift in Sources */,
				D8BA67842BBEF156005AE50D /* AnimeListUITestsLaunchTests.swift in Sources */,
			);
			runOnlyForDeploymentPostprocessing = 0;
		};
/* End PBXSourcesBuildPhase section */

/* Begin PBXTargetDependency section */
		D8BA67752BBEF156005AE50D /* PBXTargetDependency */ = {
			isa = PBXTargetDependency;
			target = D8BA675C2BBEF155005AE50D /* AnimeList */;
			targetProxy = D8BA67742BBEF156005AE50D /* PBXContainerItemProxy */;
		};
		D8BA677F2BBEF156005AE50D /* PBXTargetDependency */ = {
			isa = PBXTargetDependency;
			target = D8BA675C2BBEF155005AE50D /* AnimeList */;
			targetProxy = D8BA677E2BBEF156005AE50D /* PBXContainerItemProxy */;
		};
/* End PBXTargetDependency section */

/* Begin PBXVariantGroup section */
		D8BA67662BBEF155005AE50D /* Main.storyboard */ = {
			isa = PBXVariantGroup;
			children = (
				D8BA67672BBEF155005AE50D /* Base */,
			);
			name = Main.storyboard;
			sourceTree = "<group>";
		};
		D8BA676B2BBEF156005AE50D /* LaunchScreen.storyboard */ = {
			isa = PBXVariantGroup;
			children = (
				D8BA676C2BBEF156005AE50D /* Base */,
			);
			name = LaunchScreen.storyboard;
			sourceTree = "<group>";
		};
/* End PBXVariantGroup section */

/* Begin XCBuildConfiguration section */
		D8BA67852BBEF156005AE50D /* Debug */ = {
			isa = XCBuildConfiguration;
			buildSettings = {
				ALWAYS_SEARCH_USER_PATHS = NO;
				ASSETCATALOG_COMPILER_GENERATE_SWIFT_ASSET_SYMBOL_EXTENSIONS = YES;
				CLANG_ANALYZER_NONNULL = YES;
				CLANG_ANALYZER_NUMBER_OBJECT_CONVERSION = YES_AGGRESSIVE;
				CLANG_CXX_LANGUAGE_STANDARD = "gnu++20";
				CLANG_ENABLE_MODULES = YES;
				CLANG_ENABLE_OBJC_ARC = YES;
				CLANG_ENABLE_OBJC_WEAK = YES;
				CLANG_WARN_BLOCK_CAPTURE_AUTORELEASING = YES;
				CLANG_WARN_BOOL_CONVERSION = YES;
				CLANG_WARN_COMMA = YES;
				CLANG_WARN_CONSTANT_CONVERSION = YES;
				CLANG_WARN_DEPRECATED_OBJC_IMPLEMENTATIONS = YES;
				CLANG_WARN_DIRECT_OBJC_ISA_USAGE = YES_ERROR;
				CLANG_WARN_DOCUMENTATION_COMMENTS = YES;
				CLANG_WARN_EMPTY_BODY = YES;
				CLANG_WARN_ENUM_CONVERSION = YES;
				CLANG_WARN_INFINITE_RECURSION = YES;
				CLANG_WARN_INT_CONVERSION = YES;
				CLANG_WARN_NON_LITERAL_NULL_CONVERSION = YES;
				CLANG_WARN_OBJC_IMPLICIT_RETAIN_SELF = YES;
				CLANG_WARN_OBJC_LITERAL_CONVERSION = YES;
				CLANG_WARN_OBJC_ROOT_CLASS = YES_ERROR;
				CLANG_WARN_QUOTED_INCLUDE_IN_FRAMEWORK_HEADER = YES;
				CLANG_WARN_RANGE_LOOP_ANALYSIS = YES;
				CLANG_WARN_STRICT_PROTOTYPES = YES;
				CLANG_WARN_SUSPICIOUS_MOVE = YES;
				CLANG_WARN_UNGUARDED_AVAILABILITY = YES_AGGRESSIVE;
				CLANG_WARN_UNREACHABLE_CODE = YES;
				CLANG_WARN__DUPLICATE_METHOD_MATCH = YES;
				COPY_PHASE_STRIP = NO;
				DEBUG_INFORMATION_FORMAT = dwarf;
				ENABLE_STRICT_OBJC_MSGSEND = YES;
				ENABLE_TESTABILITY = YES;
				ENABLE_USER_SCRIPT_SANDBOXING = YES;
				GCC_C_LANGUAGE_STANDARD = gnu17;
				GCC_DYNAMIC_NO_PIC = NO;
				GCC_NO_COMMON_BLOCKS = YES;
				GCC_OPTIMIZATION_LEVEL = 0;
				GCC_PREPROCESSOR_DEFINITIONS = (
					"DEBUG=1",
					"$(inherited)",
				);
				GCC_WARN_64_TO_32_BIT_CONVERSION = YES;
				GCC_WARN_ABOUT_RETURN_TYPE = YES_ERROR;
				GCC_WARN_UNDECLARED_SELECTOR = YES;
				GCC_WARN_UNINITIALIZED_AUTOS = YES_AGGRESSIVE;
				GCC_WARN_UNUSED_FUNCTION = YES;
				GCC_WARN_UNUSED_VARIABLE = YES;
				IPHONEOS_DEPLOYMENT_TARGET = 17.4;
				LOCALIZATION_PREFERS_STRING_CATALOGS = YES;
				MTL_ENABLE_DEBUG_INFO = INCLUDE_SOURCE;
				MTL_FAST_MATH = YES;
				ONLY_ACTIVE_ARCH = YES;
				SDKROOT = iphoneos;
				SWIFT_ACTIVE_COMPILATION_CONDITIONS = "DEBUG $(inherited)";
				SWIFT_OPTIMIZATION_LEVEL = "-Onone";
			};
			name = Debug;
		};
		D8BA67862BBEF156005AE50D /* Release */ = {
			isa = XCBuildConfiguration;
			buildSettings = {
				ALWAYS_SEARCH_USER_PATHS = NO;
				ASSETCATALOG_COMPILER_GENERATE_SWIFT_ASSET_SYMBOL_EXTENSIONS = YES;
				CLANG_ANALYZER_NONNULL = YES;
				CLANG_ANALYZER_NUMBER_OBJECT_CONVERSION = YES_AGGRESSIVE;
				CLANG_CXX_LANGUAGE_STANDARD = "gnu++20";
				CLANG_ENABLE_MODULES = YES;
				CLANG_ENABLE_OBJC_ARC = YES;
				CLANG_ENABLE_OBJC_WEAK = YES;
				CLANG_WARN_BLOCK_CAPTURE_AUTORELEASING = YES;
				CLANG_WARN_BOOL_CONVERSION = YES;
				CLANG_WARN_COMMA = YES;
				CLANG_WARN_CONSTANT_CONVERSION = YES;
				CLANG_WARN_DEPRECATED_OBJC_IMPLEMENTATIONS = YES;
				CLANG_WARN_DIRECT_OBJC_ISA_USAGE = YES_ERROR;
				CLANG_WARN_DOCUMENTATION_COMMENTS = YES;
				CLANG_WARN_EMPTY_BODY = YES;
				CLANG_WARN_ENUM_CONVERSION = YES;
				CLANG_WARN_INFINITE_RECURSION = YES;
				CLANG_WARN_INT_CONVERSION = YES;
				CLANG_WARN_NON_LITERAL_NULL_CONVERSION = YES;
				CLANG_WARN_OBJC_IMPLICIT_RETAIN_SELF = YES;
				CLANG_WARN_OBJC_LITERAL_CONVERSION = YES;
				CLANG_WARN_OBJC_ROOT_CLASS = YES_ERROR;
				CLANG_WARN_QUOTED_INCLUDE_IN_FRAMEWORK_HEADER = YES;
				CLANG_WARN_RANGE_LOOP_ANALYSIS = YES;
				CLANG_WARN_STRICT_PROTOTYPES = YES;
				CLANG_WARN_SUSPICIOUS_MOVE = YES;
				CLANG_WARN_UNGUARDED_AVAILABILITY = YES_AGGRESSIVE;
				CLANG_WARN_UNREACHABLE_CODE = YES;
				CLANG_WARN__DUPLICATE_METHOD_MATCH = YES;
				COPY_PHASE_STRIP = NO;
				DEBUG_INFORMATION_FORMAT = "dwarf-with-dsym";
				ENABLE_NS_ASSERTIONS = NO;
				ENABLE_STRICT_OBJC_MSGSEND = YES;
				ENABLE_USER_SCRIPT_SANDBOXING = YES;
				GCC_C_LANGUAGE_STANDARD = gnu17;
				GCC_NO_COMMON_BLOCKS = YES;
				GCC_WARN_64_TO_32_BIT_CONVERSION = YES;
				GCC_WARN_ABOUT_RETURN_TYPE = YES_ERROR;
				GCC_WARN_UNDECLARED_SELECTOR = YES;
				GCC_WARN_UNINITIALIZED_AUTOS = YES_AGGRESSIVE;
				GCC_WARN_UNUSED_FUNCTION = YES;
				GCC_WARN_UNUSED_VARIABLE = YES;
				IPHONEOS_DEPLOYMENT_TARGET = 17.4;
				LOCALIZATION_PREFERS_STRING_CATALOGS = YES;
				MTL_ENABLE_DEBUG_INFO = NO;
				MTL_FAST_MATH = YES;
				SDKROOT = iphoneos;
				SWIFT_COMPILATION_MODE = wholemodule;
				VALIDATE_PRODUCT = YES;
			};
			name = Release;
		};
		D8BA67882BBEF156005AE50D /* Debug */ = {
			isa = XCBuildConfiguration;
			buildSettings = {
				ASSETCATALOG_COMPILER_APPICON_NAME = AppIcon;
				ASSETCATALOG_COMPILER_GLOBAL_ACCENT_COLOR_NAME = AccentColor;
				CODE_SIGN_STYLE = Automatic;
				CURRENT_PROJECT_VERSION = 1;
				DEVELOPMENT_TEAM = 9H8ZKAMVN8;
				GENERATE_INFOPLIST_FILE = YES;
				INFOPLIST_FILE = AnimeList/Info.plist;
				INFOPLIST_KEY_UIApplicationSupportsIndirectInputEvents = YES;
				INFOPLIST_KEY_UILaunchStoryboardName = LaunchScreen;
				INFOPLIST_KEY_UIMainStoryboardFile = Main;
				INFOPLIST_KEY_UISupportedInterfaceOrientations_iPad = "UIInterfaceOrientationPortrait UIInterfaceOrientationPortraitUpsideDown UIInterfaceOrientationLandscapeLeft UIInterfaceOrientationLandscapeRight";
				INFOPLIST_KEY_UISupportedInterfaceOrientations_iPhone = "UIInterfaceOrientationPortrait UIInterfaceOrientationLandscapeLeft UIInterfaceOrientationLandscapeRight";
				LD_RUNPATH_SEARCH_PATHS = (
					"$(inherited)",
					"@executable_path/Frameworks",
				);
				MARKETING_VERSION = 1.0;
				PRODUCT_BUNDLE_IDENTIFIER = dev.app.AnimeList;
				PRODUCT_NAME = "$(TARGET_NAME)";
				SWIFT_EMIT_LOC_STRINGS = YES;
				SWIFT_VERSION = 5.0;
				TARGETED_DEVICE_FAMILY = "1,2";
			};
			name = Debug;
		};
		D8BA67892BBEF156005AE50D /* Release */ = {
			isa = XCBuildConfiguration;
			buildSettings = {
				ASSETCATALOG_COMPILER_APPICON_NAME = AppIcon;
				ASSETCATALOG_COMPILER_GLOBAL_ACCENT_COLOR_NAME = AccentColor;
				CODE_SIGN_STYLE = Automatic;
				CURRENT_PROJECT_VERSION = 1;
				DEVELOPMENT_TEAM = 9H8ZKAMVN8;
				GENERATE_INFOPLIST_FILE = YES;
				INFOPLIST_FILE = AnimeList/Info.plist;
				INFOPLIST_KEY_UIApplicationSupportsIndirectInputEvents = YES;
				INFOPLIST_KEY_UILaunchStoryboardName = LaunchScreen;
				INFOPLIST_KEY_UIMainStoryboardFile = Main;
				INFOPLIST_KEY_UISupportedInterfaceOrientations_iPad = "UIInterfaceOrientationPortrait UIInterfaceOrientationPortraitUpsideDown UIInterfaceOrientationLandscapeLeft UIInterfaceOrientationLandscapeRight";
				INFOPLIST_KEY_UISupportedInterfaceOrientations_iPhone = "UIInterfaceOrientationPortrait UIInterfaceOrientationLandscapeLeft UIInterfaceOrientationLandscapeRight";
				LD_RUNPATH_SEARCH_PATHS = (
					"$(inherited)",
					"@executable_path/Frameworks",
				);
				MARKETING_VERSION = 1.0;
				PRODUCT_BUNDLE_IDENTIFIER = dev.app.AnimeList;
				PRODUCT_NAME = "$(TARGET_NAME)";
				SWIFT_EMIT_LOC_STRINGS = YES;
				SWIFT_VERSION = 5.0;
				TARGETED_DEVICE_FAMILY = "1,2";
			};
			name = Release;
		};
		D8BA678B2BBEF156005AE50D /* Debug */ = {
			isa = XCBuildConfiguration;
			buildSettings = {
				ALWAYS_EMBED_SWIFT_STANDARD_LIBRARIES = YES;
				BUNDLE_LOADER = "$(TEST_HOST)";
				CODE_SIGN_STYLE = Automatic;
				CURRENT_PROJECT_VERSION = 1;
				DEVELOPMENT_TEAM = 9H8ZKAMVN8;
				GENERATE_INFOPLIST_FILE = YES;
				IPHONEOS_DEPLOYMENT_TARGET = 17.4;
				MARKETING_VERSION = 1.0;
				PRODUCT_BUNDLE_IDENTIFIER = dev.app.AnimeListTests;
				PRODUCT_NAME = "$(TARGET_NAME)";
				SWIFT_EMIT_LOC_STRINGS = NO;
				SWIFT_VERSION = 5.0;
				TARGETED_DEVICE_FAMILY = "1,2";
				TEST_HOST = "$(BUILT_PRODUCTS_DIR)/AnimeList.app/$(BUNDLE_EXECUTABLE_FOLDER_PATH)/AnimeList";
			};
			name = Debug;
		};
		D8BA678C2BBEF156005AE50D /* Release */ = {
			isa = XCBuildConfiguration;
			buildSettings = {
				ALWAYS_EMBED_SWIFT_STANDARD_LIBRARIES = YES;
				BUNDLE_LOADER = "$(TEST_HOST)";
				CODE_SIGN_STYLE = Automatic;
				CURRENT_PROJECT_VERSION = 1;
				DEVELOPMENT_TEAM = 9H8ZKAMVN8;
				GENERATE_INFOPLIST_FILE = YES;
				IPHONEOS_DEPLOYMENT_TARGET = 17.4;
				MARKETING_VERSION = 1.0;
				PRODUCT_BUNDLE_IDENTIFIER = dev.app.AnimeListTests;
				PRODUCT_NAME = "$(TARGET_NAME)";
				SWIFT_EMIT_LOC_STRINGS = NO;
				SWIFT_VERSION = 5.0;
				TARGETED_DEVICE_FAMILY = "1,2";
				TEST_HOST = "$(BUILT_PRODUCTS_DIR)/AnimeList.app/$(BUNDLE_EXECUTABLE_FOLDER_PATH)/AnimeList";
			};
			name = Release;
		};
		D8BA678E2BBEF156005AE50D /* Debug */ = {
			isa = XCBuildConfiguration;
			buildSettings = {
				ALWAYS_EMBED_SWIFT_STANDARD_LIBRARIES = YES;
				CODE_SIGN_STYLE = Automatic;
				CURRENT_PROJECT_VERSION = 1;
				DEVELOPMENT_TEAM = 9H8ZKAMVN8;
				GENERATE_INFOPLIST_FILE = YES;
				MARKETING_VERSION = 1.0;
				PRODUCT_BUNDLE_IDENTIFIER = dev.app.AnimeListUITests;
				PRODUCT_NAME = "$(TARGET_NAME)";
				SWIFT_EMIT_LOC_STRINGS = NO;
				SWIFT_VERSION = 5.0;
				TARGETED_DEVICE_FAMILY = "1,2";
				TEST_TARGET_NAME = AnimeList;
			};
			name = Debug;
		};
		D8BA678F2BBEF156005AE50D /* Release */ = {
			isa = XCBuildConfiguration;
			buildSettings = {
				ALWAYS_EMBED_SWIFT_STANDARD_LIBRARIES = YES;
				CODE_SIGN_STYLE = Automatic;
				CURRENT_PROJECT_VERSION = 1;
				DEVELOPMENT_TEAM = 9H8ZKAMVN8;
				GENERATE_INFOPLIST_FILE = YES;
				MARKETING_VERSION = 1.0;
				PRODUCT_BUNDLE_IDENTIFIER = dev.app.AnimeListUITests;
				PRODUCT_NAME = "$(TARGET_NAME)";
				SWIFT_EMIT_LOC_STRINGS = NO;
				SWIFT_VERSION = 5.0;
				TARGETED_DEVICE_FAMILY = "1,2";
				TEST_TARGET_NAME = AnimeList;
			};
			name = Release;
		};
/* End XCBuildConfiguration section */

/* Begin XCConfigurationList section */
		D8BA67582BBEF155005AE50D /* Build configuration list for PBXProject "AnimeList" */ = {
			isa = XCConfigurationList;
			buildConfigurations = (
				D8BA67852BBEF156005AE50D /* Debug */,
				D8BA67862BBEF156005AE50D /* Release */,
			);
			defaultConfigurationIsVisible = 0;
			defaultConfigurationName = Release;
		};
		D8BA67872BBEF156005AE50D /* Build configuration list for PBXNativeTarget "AnimeList" */ = {
			isa = XCConfigurationList;
			buildConfigurations = (
				D8BA67882BBEF156005AE50D /* Debug */,
				D8BA67892BBEF156005AE50D /* Release */,
			);
			defaultConfigurationIsVisible = 0;
			defaultConfigurationName = Release;
		};
		D8BA678A2BBEF156005AE50D /* Build configuration list for PBXNativeTarget "AnimeListTests" */ = {
			isa = XCConfigurationList;
			buildConfigurations = (
				D8BA678B2BBEF156005AE50D /* Debug */,
				D8BA678C2BBEF156005AE50D /* Release */,
			);
			defaultConfigurationIsVisible = 0;
			defaultConfigurationName = Release;
		};
		D8BA678D2BBEF156005AE50D /* Build configuration list for PBXNativeTarget "AnimeListUITests" */ = {
			isa = XCConfigurationList;
			buildConfigurations = (
				D8BA678E2BBEF156005AE50D /* Debug */,
				D8BA678F2BBEF156005AE50D /* Release */,
			);
			defaultConfigurationIsVisible = 0;
			defaultConfigurationName = Release;
		};
/* End XCConfigurationList section */
	};
	rootObject = D8BA67552BBEF155005AE50D /* Project object */;
}
